
Microsoft Visual Studio Solution File, Format Version 12.00
# Visual Studio Version 17
VisualStudioVersion = 17.12.35521.163
MinimumVisualStudioVersion = 10.0.40219.1
Project("{FAE04EC0-301F-11D3-BF4B-00C04F79EFBC}") = "LibraryWebApp", "LibraryWebApp\LibraryWebApp.csproj", "{C4D5E27F-EA85-4F3D-903F-46A4913E0DBD}"
EndProject
Project("{FAE04EC0-301F-11D3-BF4B-00C04F79EFBC}") = "Domain", "Domain\Domain.csproj", "{36334BFD-F1CD-46D7-9091-B39874FFFA6F}"
EndProject
Project("{FAE04EC0-301F-11D3-BF4B-00C04F79EFBC}") = "Library.DataContext", "Library.DataContext\Library.DataContext.csproj", "{37AD2630-A0D2-4B45-94D9-804B508E022A}"
EndProject
Project("{FAE04EC0-301F-11D3-BF4B-00C04F79EFBC}") = "xUnitTests", "xUnitTests\xUnitTests.csproj", "{30357679-D2F7-4308-B6B9-AC92BB3B62E7}"
EndProject
Global
	GlobalSection(SolutionConfigurationPlatforms) = preSolution
		Debug|Any CPU = Debug|Any CPU
		Release|Any CPU = Release|Any CPU
	EndGlobalSection
	GlobalSection(ProjectConfigurationPlatforms) = postSolution
		{C4D5E27F-EA85-4F3D-903F-46A4913E0DBD}.Debug|Any CPU.ActiveCfg = Debug|Any CPU
		{C4D5E27F-EA85-4F3D-903F-46A4913E0DBD}.Debug|Any CPU.Build.0 = Debug|Any CPU
		{C4D5E27F-EA85-4F3D-903F-46A4913E0DBD}.Release|Any CPU.ActiveCfg = Release|Any CPU
		{C4D5E27F-EA85-4F3D-903F-46A4913E0DBD}.Release|Any CPU.Build.0 = Release|Any CPU
		{36334BFD-F1CD-46D7-9091-B39874FFFA6F}.Debug|Any CPU.ActiveCfg = Debug|Any CPU
		{36334BFD-F1CD-46D7-9091-B39874FFFA6F}.Debug|Any CPU.Build.0 = Debug|Any CPU
		{36334BFD-F1CD-46D7-9091-B39874FFFA6F}.Release|Any CPU.ActiveCfg = Release|Any CPU
		{36334BFD-F1CD-46D7-9091-B39874FFFA6F}.Release|Any CPU.Build.0 = Release|Any CPU
		{37AD2630-A0D2-4B45-94D9-804B508E022A}.Debug|Any CPU.ActiveCfg = Debug|Any CPU
		{37AD2630-A0D2-4B45-94D9-804B508E022A}.Debug|Any CPU.Build.0 = Debug|Any CPU
		{37AD2630-A0D2-4B45-94D9-804B508E022A}.Release|Any CPU.ActiveCfg = Release|Any CPU
		{37AD2630-A0D2-4B45-94D9-804B508E022A}.Release|Any CPU.Build.0 = Release|Any CPU
		{30357679-D2F7-4308-B6B9-AC92BB3B62E7}.Debug|Any CPU.ActiveCfg = Debug|Any CPU
		{30357679-D2F7-4308-B6B9-AC92BB3B62E7}.Debug|Any CPU.Build.0 = Debug|Any CPU
		{30357679-D2F7-4308-B6B9-AC92BB3B62E7}.Release|Any CPU.ActiveCfg = Release|Any CPU
		{30357679-D2F7-4308-B6B9-AC92BB3B62E7}.Release|Any CPU.Build.0 = Release|Any CPU
	EndGlobalSection
	GlobalSection(SolutionProperties) = preSolution
		HideSolutionNode = FALSE
	EndGlobalSection
EndGlobal
